
Microsoft Visual Studio Solution File, Format Version 12.00
# Visual Studio Version 17
VisualStudioVersion = 17.14.36109.1 d17.14
MinimumVisualStudioVersion = 10.0.40219.1
Project("{FAE04EC0-301F-11D3-BF4B-00C04F79EFBC}") = "AzureAppDbHosting", "AzureAppDbHosting.csproj", "{707670AF-4850-4100-B7F6-8DF7FBE10449}"
EndProject
Global
	GlobalSection(SolutionConfigurationPlatforms) = preSolution
		Debug|Any CPU = Debug|Any CPU
		Release|Any CPU = Release|Any CPU
	EndGlobalSection
	GlobalSection(ProjectConfigurationPlatforms) = postSolution
		{707670AF-4850-4100-B7F6-8DF7FBE10449}.Debug|Any CPU.ActiveCfg = Debug|Any CPU
		{707670AF-4850-4100-B7F6-8DF7FBE10449}.Debug|Any CPU.Build.0 = Debug|Any CPU
		{707670AF-4850-4100-B7F6-8DF7FBE10449}.Release|Any CPU.ActiveCfg = Release|Any CPU
		{707670AF-4850-4100-B7F6-8DF7FBE10449}.Release|Any CPU.Build.0 = Release|Any CPU
	EndGlobalSection
	GlobalSection(SolutionProperties) = preSolution
		HideSolutionNode = FALSE
	EndGlobalSection
	GlobalSection(ExtensibilityGlobals) = postSolution
		SolutionGuid = {31AAD744-0C5A-4433-A555-292B67E09653}
	EndGlobalSection
EndGlobal
